// !$*UTF8*$!
{
	archiveVersion = 1;
	classes = {
	};
	objectVersion = 51;
	objects = {

/* Begin PBXBuildFile section */
		6FC8931D01DB5022110BC839 /* Pods_DailyBibleTests.framework in Frameworks */ = {isa = PBXBuildFile; fileRef = 44D64FAD582060EFB0E26415 /* Pods_DailyBibleTests.framework */; };
		8E92153D05263E844AD6EF2E /* Pods_DailyBible.framework in Frameworks */ = {isa = PBXBuildFile; fileRef = 4F3749CB164B99F67D6C1863 /* Pods_DailyBible.framework */; };
		B228CE3B24D3311E00756FB8 /* MacawChartView.swift in Sources */ = {isa = PBXBuildFile; fileRef = B228CE3A24D3311E00756FB8 /* MacawChartView.swift */; };
		B2B1260D24C3571300AFE57B /* AppDelegate.swift in Sources */ = {isa = PBXBuildFile; fileRef = B2B1260C24C3571300AFE57B /* AppDelegate.swift */; };
		B2B1260F24C3571300AFE57B /* SceneDelegate.swift in Sources */ = {isa = PBXBuildFile; fileRef = B2B1260E24C3571300AFE57B /* SceneDelegate.swift */; };
		B2B1261124C3571300AFE57B /* ViewController.swift in Sources */ = {isa = PBXBuildFile; fileRef = B2B1261024C3571300AFE57B /* ViewController.swift */; };
		B2B1261424C3571300AFE57B /* Main.storyboard in Resources */ = {isa = PBXBuildFile; fileRef = B2B1261224C3571300AFE57B /* Main.storyboard */; };
		B2B1261624C3571400AFE57B /* Assets.xcassets in Resources */ = {isa = PBXBuildFile; fileRef = B2B1261524C3571400AFE57B /* Assets.xcassets */; };
		B2B1261924C3571400AFE57B /* LaunchScreen.storyboard in Resources */ = {isa = PBXBuildFile; fileRef = B2B1261724C3571400AFE57B /* LaunchScreen.storyboard */; };
		B2B1262424C3571400AFE57B /* DailyBibleTests.swift in Sources */ = {isa = PBXBuildFile; fileRef = B2B1262324C3571400AFE57B /* DailyBibleTests.swift */; };
		B2B1263024C3593500AFE57B /* bible.pdf in Resources */ = {isa = PBXBuildFile; fileRef = B2B1262F24C3593500AFE57B /* bible.pdf */; };
		B2CA533E24D33ABE00F9A7B2 /* SwiftNewsVideo.swift in Sources */ = {isa = PBXBuildFile; fileRef = B2CA533D24D33ABE00F9A7B2 /* SwiftNewsVideo.swift */; };
/* End PBXBuildFile section */

/* Begin PBXContainerItemProxy section */
		B2B1262024C3571400AFE57B /* PBXContainerItemProxy */ = {
			isa = PBXContainerItemProxy;
			containerPortal = B2B1260124C3571300AFE57B /* Project object */;
			proxyType = 1;
			remoteGlobalIDString = B2B1260824C3571300AFE57B;
			remoteInfo = DailyBible;
		};
/* End PBXContainerItemProxy section */

/* Begin PBXFileReference section */
		44D64FAD582060EFB0E26415 /* Pods_DailyBibleTests.framework */ = {isa = PBXFileReference; explicitFileType = wrapper.framework; includeInIndex = 0; path = Pods_DailyBibleTests.framework; sourceTree = BUILT_PRODUCTS_DIR; };
		471C4E8C4AA985A07F9B64E8 /* Pods-DailyBible.debug.xcconfig */ = {isa = PBXFileReference; includeInIndex = 1; lastKnownFileType = text.xcconfig; name = "Pods-DailyBible.debug.xcconfig"; path = "Target Support Files/Pods-DailyBible/Pods-DailyBible.debug.xcconfig"; sourceTree = "<group>"; };
		4F3749CB164B99F67D6C1863 /* Pods_DailyBible.framework */ = {isa = PBXFileReference; explicitFileType = wrapper.framework; includeInIndex = 0; path = Pods_DailyBible.framework; sourceTree = BUILT_PRODUCTS_DIR; };
		590AC74B1A6A508CEAEBD15E /* Pods-DailyBibleTests.release.xcconfig */ = {isa = PBXFileReference; includeInIndex = 1; lastKnownFileType = text.xcconfig; name = "Pods-DailyBibleTests.release.xcconfig"; path = "Target Support Files/Pods-DailyBibleTests/Pods-DailyBibleTests.release.xcconfig"; sourceTree = "<group>"; };
		B228CE3A24D3311E00756FB8 /* MacawChartView.swift */ = {isa = PBXFileReference; lastKnownFileType = sourcecode.swift; path = MacawChartView.swift; sourceTree = "<group>"; };
		B2B1260924C3571300AFE57B /* DailyBible.app */ = {isa = PBXFileReference; explicitFileType = wrapper.application; includeInIndex = 0; path = DailyBible.app; sourceTree = BUILT_PRODUCTS_DIR; };
		B2B1260C24C3571300AFE57B /* AppDelegate.swift */ = {isa = PBXFileReference; lastKnownFileType = sourcecode.swift; path = AppDelegate.swift; sourceTree = "<group>"; };
		B2B1260E24C3571300AFE57B /* SceneDelegate.swift */ = {isa = PBXFileReference; lastKnownFileType = sourcecode.swift; path = SceneDelegate.swift; sourceTree = "<group>"; };
		B2B1261024C3571300AFE57B /* ViewController.swift */ = {isa = PBXFileReference; lastKnownFileType = sourcecode.swift; path = ViewController.swift; sourceTree = "<group>"; };
		B2B1261324C3571300AFE57B /* Base */ = {isa = PBXFileReference; lastKnownFileType = file.storyboard; name = Base; path = Base.lproj/Main.storyboard; sourceTree = "<group>"; };
		B2B1261524C3571400AFE57B /* Assets.xcassets */ = {isa = PBXFileReference; lastKnownFileType = folder.assetcatalog; path = Assets.xcassets; sourceTree = "<group>"; };
		B2B1261824C3571400AFE57B /* Base */ = {isa = PBXFileReference; lastKnownFileType = file.storyboard; name = Base; path = Base.lproj/LaunchScreen.storyboard; sourceTree = "<group>"; };
		B2B1261A24C3571400AFE57B /* Info.plist */ = {isa = PBXFileReference; lastKnownFileType = text.plist.xml; path = Info.plist; sourceTree = "<group>"; };
		B2B1261F24C3571400AFE57B /* DailyBibleTests.xctest */ = {isa = PBXFileReference; explicitFileType = wrapper.cfbundle; includeInIndex = 0; path = DailyBibleTests.xctest; sourceTree = BUILT_PRODUCTS_DIR; };
		B2B1262324C3571400AFE57B /* DailyBibleTests.swift */ = {isa = PBXFileReference; lastKnownFileType = sourcecode.swift; path = DailyBibleTests.swift; sourceTree = "<group>"; };
		B2B1262524C3571400AFE57B /* Info.plist */ = {isa = PBXFileReference; lastKnownFileType = text.plist.xml; path = Info.plist; sourceTree = "<group>"; };
		B2B1262F24C3593500AFE57B /* bible.pdf */ = {isa = PBXFileReference; lastKnownFileType = image.pdf; name = bible.pdf; path = ../../../../../Downloads/bible.pdf; sourceTree = "<group>"; };
		B2CA533D24D33ABE00F9A7B2 /* SwiftNewsVideo.swift */ = {isa = PBXFileReference; lastKnownFileType = sourcecode.swift; path = SwiftNewsVideo.swift; sourceTree = "<group>"; };
		BB768FB57C41115950C4A631 /* Pods-DailyBibleTests.debug.xcconfig */ = {isa = PBXFileReference; includeInIndex = 1; lastKnownFileType = text.xcconfig; name = "Pods-DailyBibleTests.debug.xcconfig"; path = "Target Support Files/Pods-DailyBibleTests/Pods-DailyBibleTests.debug.xcconfig"; sourceTree = "<group>"; };
		D4F33A572B3475065CB47CA3 /* Pods-DailyBible.release.xcconfig */ = {isa = PBXFileReference; includeInIndex = 1; lastKnownFileType = text.xcconfig; name = "Pods-DailyBible.release.xcconfig"; path = "Target Support Files/Pods-DailyBible/Pods-DailyBible.release.xcconfig"; sourceTree = "<group>"; };
/* End PBXFileReference section */

/* Begin PBXFrameworksBuildPhase section */
		B2B1260624C3571300AFE57B /* Frameworks */ = {
			isa = PBXFrameworksBuildPhase;
			buildActionMask = 2147483647;
			files = (
				8E92153D05263E844AD6EF2E /* Pods_DailyBible.framework in Frameworks */,
			);
			runOnlyForDeploymentPostprocessing = 0;
		};
		B2B1261C24C3571400AFE57B /* Frameworks */ = {
			isa = PBXFrameworksBuildPhase;
			buildActionMask = 2147483647;
			files = (
				6FC8931D01DB5022110BC839 /* Pods_DailyBibleTests.framework in Frameworks */,
			);
			runOnlyForDeploymentPostprocessing = 0;
		};
/* End PBXFrameworksBuildPhase section */

/* Begin PBXGroup section */
		8A95C613D676D5C98D7EC814 /* Frameworks */ = {
			isa = PBXGroup;
			children = (
				4F3749CB164B99F67D6C1863 /* Pods_DailyBible.framework */,
				44D64FAD582060EFB0E26415 /* Pods_DailyBibleTests.framework */,
			);
			name = Frameworks;
			sourceTree = "<group>";
		};
		B2B1260024C3571300AFE57B = {
			isa = PBXGroup;
			children = (
				B2B1260B24C3571300AFE57B /* DailyBible */,
				B2B1262224C3571400AFE57B /* DailyBibleTests */,
				B2B1260A24C3571300AFE57B /* Products */,
				EBBD1FBB80037B2C15D8C261 /* Pods */,
				8A95C613D676D5C98D7EC814 /* Frameworks */,
			);
			sourceTree = "<group>";
		};
		B2B1260A24C3571300AFE57B /* Products */ = {
			isa = PBXGroup;
			children = (
				B2B1260924C3571300AFE57B /* DailyBible.app */,
				B2B1261F24C3571400AFE57B /* DailyBibleTests.xctest */,
			);
			name = Products;
			sourceTree = "<group>";
		};
		B2B1260B24C3571300AFE57B /* DailyBible */ = {
			isa = PBXGroup;
			children = (
				B2B1262E24C3591C00AFE57B /* PDF */,
				B2B1260C24C3571300AFE57B /* AppDelegate.swift */,
				B2B1260E24C3571300AFE57B /* SceneDelegate.swift */,
				B2B1261024C3571300AFE57B /* ViewController.swift */,
				B2B1261224C3571300AFE57B /* Main.storyboard */,
				B2B1261524C3571400AFE57B /* Assets.xcassets */,
				B2B1261724C3571400AFE57B /* LaunchScreen.storyboard */,
				B2B1261A24C3571400AFE57B /* Info.plist */,
				B228CE3A24D3311E00756FB8 /* MacawChartView.swift */,
				B2CA533D24D33ABE00F9A7B2 /* SwiftNewsVideo.swift */,
			);
			path = DailyBible;
			sourceTree = "<group>";
		};
		B2B1262224C3571400AFE57B /* DailyBibleTests */ = {
			isa = PBXGroup;
			children = (
				B2B1262324C3571400AFE57B /* DailyBibleTests.swift */,
				B2B1262524C3571400AFE57B /* Info.plist */,
			);
			path = DailyBibleTests;
			sourceTree = "<group>";
		};
		B2B1262E24C3591C00AFE57B /* PDF */ = {
			isa = PBXGroup;
			children = (
				B2B1262F24C3593500AFE57B /* bible.pdf */,
			);
			path = PDF;
			sourceTree = "<group>";
		};
		EBBD1FBB80037B2C15D8C261 /* Pods */ = {
			isa = PBXGroup;
			children = (
				471C4E8C4AA985A07F9B64E8 /* Pods-DailyBible.debug.xcconfig */,
				D4F33A572B3475065CB47CA3 /* Pods-DailyBible.release.xcconfig */,
				BB768FB57C41115950C4A631 /* Pods-DailyBibleTests.debug.xcconfig */,
				590AC74B1A6A508CEAEBD15E /* Pods-DailyBibleTests.release.xcconfig */,
			);
			path = Pods;
			sourceTree = "<group>";
		};
/* End PBXGroup section */

/* Begin PBXNativeTarget section */
		B2B1260824C3571300AFE57B /* DailyBible */ = {
			isa = PBXNativeTarget;
			buildConfigurationList = B2B1262824C3571400AFE57B /* Build configuration list for PBXNativeTarget "DailyBible" */;
			buildPhases = (
				88C7E5240E1B444AEB92A977 /* [CP] Check Pods Manifest.lock */,
				B2B1260524C3571300AFE57B /* Sources */,
				B2B1260624C3571300AFE57B /* Frameworks */,
				B2B1260724C3571300AFE57B /* Resources */,
				0DA0F017DE8EB0E3EF931701 /* [CP] Embed Pods Frameworks */,
			);
			buildRules = (
			);
			dependencies = (
			);
			name = DailyBible;
			productName = DailyBible;
			productReference = B2B1260924C3571300AFE57B /* DailyBible.app */;
			productType = "com.apple.product-type.application";
		};
		B2B1261E24C3571400AFE57B /* DailyBibleTests */ = {
			isa = PBXNativeTarget;
			buildConfigurationList = B2B1262B24C3571400AFE57B /* Build configuration list for PBXNativeTarget "DailyBibleTests" */;
			buildPhases = (
				DCC353B4B18F0C198C84B0A3 /* [CP] Check Pods Manifest.lock */,
				B2B1261B24C3571400AFE57B /* Sources */,
				B2B1261C24C3571400AFE57B /* Frameworks */,
				B2B1261D24C3571400AFE57B /* Resources */,
			);
			buildRules = (
			);
			dependencies = (
				B2B1262124C3571400AFE57B /* PBXTargetDependency */,
			);
			name = DailyBibleTests;
			productName = DailyBibleTests;
			productReference = B2B1261F24C3571400AFE57B /* DailyBibleTests.xctest */;
			productType = "com.apple.product-type.bundle.unit-test";
		};
/* End PBXNativeTarget section */

/* Begin PBXProject section */
		B2B1260124C3571300AFE57B /* Project object */ = {
			isa = PBXProject;
			attributes = {
				LastSwiftUpdateCheck = 1150;
				LastUpgradeCheck = 1150;
				ORGANIZATIONNAME = "Jibeom Bae";
				TargetAttributes = {
					B2B1260824C3571300AFE57B = {
						CreatedOnToolsVersion = 11.5;
					};
					B2B1261E24C3571400AFE57B = {
						CreatedOnToolsVersion = 11.5;
						TestTargetID = B2B1260824C3571300AFE57B;
					};
				};
			};
			buildConfigurationList = B2B1260424C3571300AFE57B /* Build configuration list for PBXProject "DailyBible" */;
			compatibilityVersion = "Xcode 9.3";
			developmentRegion = en;
			hasScannedForEncodings = 0;
			knownRegions = (
				en,
				Base,
			);
			mainGroup = B2B1260024C3571300AFE57B;
			productRefGroup = B2B1260A24C3571300AFE57B /* Products */;
			projectDirPath = "";
			projectRoot = "";
			targets = (
				B2B1260824C3571300AFE57B /* DailyBible */,
				B2B1261E24C3571400AFE57B /* DailyBibleTests */,
			);
		};
/* End PBXProject section */

/* Begin PBXResourcesBuildPhase section */
		B2B1260724C3571300AFE57B /* Resources */ = {
			isa = PBXResourcesBuildPhase;
			buildActionMask = 2147483647;
			files = (
				B2B1261924C3571400AFE57B /* LaunchScreen.storyboard in Resources */,
				B2B1261624C3571400AFE57B /* Assets.xcassets in Resources */,
				B2B1261424C3571300AFE57B /* Main.storyboard in Resources */,
				B2B1263024C3593500AFE57B /* bible.pdf in Resources */,
			);
			runOnlyForDeploymentPostprocessing = 0;
		};
		B2B1261D24C3571400AFE57B /* Resources */ = {
			isa = PBXResourcesBuildPhase;
			buildActionMask = 2147483647;
			files = (
			);
			runOnlyForDeploymentPostprocessing = 0;
		};
/* End PBXResourcesBuildPhase section */

/* Begin PBXShellScriptBuildPhase section */
		0DA0F017DE8EB0E3EF931701 /* [CP] Embed Pods Frameworks */ = {
			isa = PBXShellScriptBuildPhase;
			buildActionMask = 2147483647;
			files = (
			);
			inputFileListPaths = (
				"${PODS_ROOT}/Target Support Files/Pods-DailyBible/Pods-DailyBible-frameworks-${CONFIGURATION}-input-files.xcfilelist",
			);
			name = "[CP] Embed Pods Frameworks";
			outputFileListPaths = (
				"${PODS_ROOT}/Target Support Files/Pods-DailyBible/Pods-DailyBible-frameworks-${CONFIGURATION}-output-files.xcfilelist",
			);
			runOnlyForDeploymentPostprocessing = 0;
			shellPath = /bin/sh;
			shellScript = "\"${PODS_ROOT}/Target Support Files/Pods-DailyBible/Pods-DailyBible-frameworks.sh\"\n";
			showEnvVarsInLog = 0;
		};
		88C7E5240E1B444AEB92A977 /* [CP] Check Pods Manifest.lock */ = {
			isa = PBXShellScriptBuildPhase;
			buildActionMask = 2147483647;
			files = (
			);
			inputFileListPaths = (
			);
			inputPaths = (
				"${PODS_PODFILE_DIR_PATH}/Podfile.lock",
				"${PODS_ROOT}/Manifest.lock",
			);
			name = "[CP] Check Pods Manifest.lock";
			outputFileListPaths = (
			);
			outputPaths = (
				"$(DERIVED_FILE_DIR)/Pods-DailyBible-checkManifestLockResult.txt",
			);
			runOnlyForDeploymentPostprocessing = 0;
			shellPath = /bin/sh;
			shellScript = "diff \"${PODS_PODFILE_DIR_PATH}/Podfile.lock\" \"${PODS_ROOT}/Manifest.lock\" > /dev/null\nif [ $? != 0 ] ; then\n    # print error to STDERR\n    echo \"error: The sandbox is not in sync with the Podfile.lock. Run 'pod install' or update your CocoaPods installation.\" >&2\n    exit 1\nfi\n# This output is used by Xcode 'outputs' to avoid re-running this script phase.\necho \"SUCCESS\" > \"${SCRIPT_OUTPUT_FILE_0}\"\n";
			showEnvVarsInLog = 0;
		};
		DCC353B4B18F0C198C84B0A3 /* [CP] Check Pods Manifest.lock */ = {
			isa = PBXShellScriptBuildPhase;
			buildActionMask = 2147483647;
			files = (
			);
			inputFileListPaths = (
			);
			inputPaths = (
				"${PODS_PODFILE_DIR_PATH}/Podfile.lock",
				"${PODS_ROOT}/Manifest.lock",
			);
			name = "[CP] Check Pods Manifest.lock";
			outputFileListPaths = (
			);
			outputPaths = (
				"$(DERIVED_FILE_DIR)/Pods-DailyBibleTests-checkManifestLockResult.txt",
			);
			runOnlyForDeploymentPostprocessing = 0;
			shellPath = /bin/sh;
			shellScript = "diff \"${PODS_PODFILE_DIR_PATH}/Podfile.lock\" \"${PODS_ROOT}/Manifest.lock\" > /dev/null\nif [ $? != 0 ] ; then\n    # print error to STDERR\n    echo \"error: The sandbox is not in sync with the Podfile.lock. Run 'pod install' or update your CocoaPods installation.\" >&2\n    exit 1\nfi\n# This output is used by Xcode 'outputs' to avoid re-running this script phase.\necho \"SUCCESS\" > \"${SCRIPT_OUTPUT_FILE_0}\"\n";
			showEnvVarsInLog = 0;
		};
/* End PBXShellScriptBuildPhase section */

/* Begin PBXSourcesBuildPhase section */
		B2B1260524C3571300AFE57B /* Sources */ = {
			isa = PBXSourcesBuildPhase;
			buildActionMask = 2147483647;
			files = (
				B2B1261124C3571300AFE57B /* ViewController.swift in Sources */,
				B2CA533E24D33ABE00F9A7B2 /* SwiftNewsVideo.swift in Sources */,
				B228CE3B24D3311E00756FB8 /* MacawChartView.swift in Sources */,
				B2B1260D24C3571300AFE57B /* AppDelegate.swift in Sources */,
				B2B1260F24C3571300AFE57B /* SceneDelegate.swift in Sources */,
			);
			runOnlyForDeploymentPostprocessing = 0;
		};
		B2B1261B24C3571400AFE57B /* Sources */ = {
			isa = PBXSourcesBuildPhase;
			buildActionMask = 2147483647;
			files = (
				B2B1262424C3571400AFE57B /* DailyBibleTests.swift in Sources */,
			);
			runOnlyForDeploymentPostprocessing = 0;
		};
/* End PBXSourcesBuildPhase section */

/* Begin PBXTargetDependency section */
		B2B1262124C3571400AFE57B /* PBXTargetDependency */ = {
			isa = PBXTargetDependency;
			target = B2B1260824C3571300AFE57B /* DailyBible */;
			targetProxy = B2B1262024C3571400AFE57B /* PBXContainerItemProxy */;
		};
/* End PBXTargetDependency section */

/* Begin PBXVariantGroup section */
		B2B1261224C3571300AFE57B /* Main.storyboard */ = {
			isa = PBXVariantGroup;
			children = (
				B2B1261324C3571300AFE57B /* Base */,
			);
			name = Main.storyboard;
			sourceTree = "<group>";
		};
		B2B1261724C3571400AFE57B /* LaunchScreen.storyboard */ = {
			isa = PBXVariantGroup;
			children = (
				B2B1261824C3571400AFE57B /* Base */,
			);
			name = LaunchScreen.storyboard;
			sourceTree = "<group>";
		};
/* End PBXVariantGroup section */

/* Begin XCBuildConfiguration section */
		B2B1262624C3571400AFE57B /* Debug */ = {
			isa = XCBuildConfiguration;
			buildSettings = {
				ALWAYS_SEARCH_USER_PATHS = NO;
				CLANG_ANALYZER_NONNULL = YES;
				CLANG_ANALYZER_NUMBER_OBJECT_CONVERSION = YES_AGGRESSIVE;
				CLANG_CXX_LANGUAGE_STANDARD = "gnu++14";
				CLANG_CXX_LIBRARY = "libc++";
				CLANG_ENABLE_MODULES = YES;
				CLANG_ENABLE_OBJC_ARC = YES;
				CLANG_ENABLE_OBJC_WEAK = YES;
				CLANG_WARN_BLOCK_CAPTURE_AUTORELEASING = YES;
				CLANG_WARN_BOOL_CONVERSION = YES;
				CLANG_WARN_COMMA = YES;
				CLANG_WARN_CONSTANT_CONVERSION = YES;
				CLANG_WARN_DEPRECATED_OBJC_IMPLEMENTATIONS = YES;
				CLANG_WARN_DIRECT_OBJC_ISA_USAGE = YES_ERROR;
				CLANG_WARN_DOCUMENTATION_COMMENTS = YES;
				CLANG_WARN_EMPTY_BODY = YES;
				CLANG_WARN_ENUM_CONVERSION = YES;
				CLANG_WARN_INFINITE_RECURSION = YES;
				CLANG_WARN_INT_CONVERSION = YES;
				CLANG_WARN_NON_LITERAL_NULL_CONVERSION = YES;
				CLANG_WARN_OBJC_IMPLICIT_RETAIN_SELF = YES;
				CLANG_WARN_OBJC_LITERAL_CONVERSION = YES;
				CLANG_WARN_OBJC_ROOT_CLASS = YES_ERROR;
				CLANG_WARN_RANGE_LOOP_ANALYSIS = YES;
				CLANG_WARN_STRICT_PROTOTYPES = YES;
				CLANG_WARN_SUSPICIOUS_MOVE = YES;
				CLANG_WARN_UNGUARDED_AVAILABILITY = YES_AGGRESSIVE;
				CLANG_WARN_UNREACHABLE_CODE = YES;
				CLANG_WARN__DUPLICATE_METHOD_MATCH = YES;
				COPY_PHASE_STRIP = NO;
				DEBUG_INFORMATION_FORMAT = dwarf;
				ENABLE_STRICT_OBJC_MSGSEND = YES;
				ENABLE_TESTABILITY = YES;
				GCC_C_LANGUAGE_STANDARD = gnu11;
				GCC_DYNAMIC_NO_PIC = NO;
				GCC_NO_COMMON_BLOCKS = YES;
				GCC_OPTIMIZATION_LEVEL = 0;
				GCC_PREPROCESSOR_DEFINITIONS = (
					"DEBUG=1",
					"$(inherited)",
				);
				GCC_WARN_64_TO_32_BIT_CONVERSION = YES;
				GCC_WARN_ABOUT_RETURN_TYPE = YES_ERROR;
				GCC_WARN_UNDECLARED_SELECTOR = YES;
				GCC_WARN_UNINITIALIZED_AUTOS = YES_AGGRESSIVE;
				GCC_WARN_UNUSED_FUNCTION = YES;
				GCC_WARN_UNUSED_VARIABLE = YES;
				IPHONEOS_DEPLOYMENT_TARGET = 13.5;
				MTL_ENABLE_DEBUG_INFO = INCLUDE_SOURCE;
				MTL_FAST_MATH = YES;
				ONLY_ACTIVE_ARCH = YES;
				SDKROOT = iphoneos;
				SWIFT_ACTIVE_COMPILATION_CONDITIONS = DEBUG;
				SWIFT_OPTIMIZATION_LEVEL = "-Onone";
			};
			name = Debug;
		};
		B2B1262724C3571400AFE57B /* Release */ = {
			isa = XCBuildConfiguration;
			buildSettings = {
				ALWAYS_SEARCH_USER_PATHS = NO;
				CLANG_ANALYZER_NONNULL = YES;
				CLANG_ANALYZER_NUMBER_OBJECT_CONVERSION = YES_AGGRESSIVE;
				CLANG_CXX_LANGUAGE_STANDARD = "gnu++14";
				CLANG_CXX_LIBRARY = "libc++";
				CLANG_ENABLE_MODULES = YES;
				CLANG_ENABLE_OBJC_ARC = YES;
				CLANG_ENABLE_OBJC_WEAK = YES;
				CLANG_WARN_BLOCK_CAPTURE_AUTORELEASING = YES;
				CLANG_WARN_BOOL_CONVERSION = YES;
				CLANG_WARN_COMMA = YES;
				CLANG_WARN_CONSTANT_CONVERSION = YES;
				CLANG_WARN_DEPRECATED_OBJC_IMPLEMENTATIONS = YES;
				CLANG_WARN_DIRECT_OBJC_ISA_USAGE = YES_ERROR;
				CLANG_WARN_DOCUMENTATION_COMMENTS = YES;
				CLANG_WARN_EMPTY_BODY = YES;
				CLANG_WARN_ENUM_CONVERSION = YES;
				CLANG_WARN_INFINITE_RECURSION = YES;
				CLANG_WARN_INT_CONVERSION = YES;
				CLANG_WARN_NON_LITERAL_NULL_CONVERSION = YES;
				CLANG_WARN_OBJC_IMPLICIT_RETAIN_SELF = YES;
				CLANG_WARN_OBJC_LITERAL_CONVERSION = YES;
				CLANG_WARN_OBJC_ROOT_CLASS = YES_ERROR;
				CLANG_WARN_RANGE_LOOP_ANALYSIS = YES;
				CLANG_WARN_STRICT_PROTOTYPES = YES;
				CLANG_WARN_SUSPICIOUS_MOVE = YES;
				CLANG_WARN_UNGUARDED_AVAILABILITY = YES_AGGRESSIVE;
				CLANG_WARN_UNREACHABLE_CODE = YES;
				CLANG_WARN__DUPLICATE_METHOD_MATCH = YES;
				COPY_PHASE_STRIP = NO;
				DEBUG_INFORMATION_FORMAT = "dwarf-with-dsym";
				ENABLE_NS_ASSERTIONS = NO;
				ENABLE_STRICT_OBJC_MSGSEND = YES;
				GCC_C_LANGUAGE_STANDARD = gnu11;
				GCC_NO_COMMON_BLOCKS = YES;
				GCC_WARN_64_TO_32_BIT_CONVERSION = YES;
				GCC_WARN_ABOUT_RETURN_TYPE = YES_ERROR;
				GCC_WARN_UNDECLARED_SELECTOR = YES;
				GCC_WARN_UNINITIALIZED_AUTOS = YES_AGGRESSIVE;
				GCC_WARN_UNUSED_FUNCTION = YES;
				GCC_WARN_UNUSED_VARIABLE = YES;
				IPHONEOS_DEPLOYMENT_TARGET = 13.5;
				MTL_ENABLE_DEBUG_INFO = NO;
				MTL_FAST_MATH = YES;
				SDKROOT = iphoneos;
				SWIFT_COMPILATION_MODE = wholemodule;
				SWIFT_OPTIMIZATION_LEVEL = "-O";
				VALIDATE_PRODUCT = YES;
			};
			name = Release;
		};
		B2B1262924C3571400AFE57B /* Debug */ = {
			isa = XCBuildConfiguration;
			baseConfigurationReference = 471C4E8C4AA985A07F9B64E8 /* Pods-DailyBible.debug.xcconfig */;
			buildSettings = {
				ASSETCATALOG_COMPILER_APPICON_NAME = AppIcon;
				CODE_SIGN_STYLE = Automatic;
				DEVELOPMENT_TEAM = 2FR992529T;
				INFOPLIST_FILE = DailyBible/Info.plist;
				LD_RUNPATH_SEARCH_PATHS = (
					"$(inherited)",
					"@executable_path/Frameworks",
				);
				PRODUCT_BUNDLE_IDENTIFIER = com.jibeombae.DailyBible;
				PRODUCT_NAME = "$(TARGET_NAME)";
				SWIFT_VERSION = 5.0;
				TARGETED_DEVICE_FAMILY = "1,2";
			};
			name = Debug;
		};
		B2B1262A24C3571400AFE57B /* Release */ = {
			isa = XCBuildConfiguration;
			baseConfigurationReference = D4F33A572B3475065CB47CA3 /* Pods-DailyBible.release.xcconfig */;
			buildSettings = {
				ASSETCATALOG_COMPILER_APPICON_NAME = AppIcon;
				CODE_SIGN_STYLE = Automatic;
				DEVELOPMENT_TEAM = 2FR992529T;
				INFOPLIST_FILE = DailyBible/Info.plist;
				LD_RUNPATH_SEARCH_PATHS = (
					"$(inherited)",
					"@executable_path/Frameworks",
				);
				PRODUCT_BUNDLE_IDENTIFIER = com.jibeombae.DailyBible;
				PRODUCT_NAME = "$(TARGET_NAME)";
				SWIFT_VERSION = 5.0;
				TARGETED_DEVICE_FAMILY = "1,2";
			};
			name = Release;
		};
		B2B1262C24C3571400AFE57B /* Debug */ = {
			isa = XCBuildConfiguration;
			baseConfigurationReference = BB768FB57C41115950C4A631 /* Pods-DailyBibleTests.debug.xcconfig */;
			buildSettings = {
				ALWAYS_EMBED_SWIFT_STANDARD_LIBRARIES = YES;
				BUNDLE_LOADER = "$(TEST_HOST)";
				CODE_SIGN_STYLE = Automatic;
				DEVELOPMENT_TEAM = 2FR992529T;
				INFOPLIST_FILE = DailyBibleTests/Info.plist;
				IPHONEOS_DEPLOYMENT_TARGET = 13.5;
				LD_RUNPATH_SEARCH_PATHS = (
					"$(inherited)",
					"@executable_path/Frameworks",
					"@loader_path/Frameworks",
				);
				PRODUCT_BUNDLE_IDENTIFIER = com.jibeombae.DailyBibleTests;
				PRODUCT_NAME = "$(TARGET_NAME)";
				SWIFT_VERSION = 5.0;
				TARGETED_DEVICE_FAMILY = "1,2";
				TEST_HOST = "$(BUILT_PRODUCTS_DIR)/DailyBible.app/DailyBible";
			};
			name = Debug;
		};
		B2B1262D24C3571400AFE57B /* Release */ = {
			isa = XCBuildConfiguration;
			baseConfigurationReference = 590AC74B1A6A508CEAEBD15E /* Pods-DailyBibleTests.release.xcconfig */;
			buildSettings = {
				ALWAYS_EMBED_SWIFT_STANDARD_LIBRARIES = YES;
				BUNDLE_LOADER = "$(TEST_HOST)";
				CODE_SIGN_STYLE = Automatic;
				DEVELOPMENT_TEAM = 2FR992529T;
				INFOPLIST_FILE = DailyBibleTests/Info.plist;
				IPHONEOS_DEPLOYMENT_TARGET = 13.5;
				LD_RUNPATH_SEARCH_PATHS = (
					"$(inherited)",
					"@executable_path/Frameworks",
					"@loader_path/Frameworks",
				);
				PRODUCT_BUNDLE_IDENTIFIER = com.jibeombae.DailyBibleTests;
				PRODUCT_NAME = "$(TARGET_NAME)";
				SWIFT_VERSION = 5.0;
				TARGETED_DEVICE_FAMILY = "1,2";
				TEST_HOST = "$(BUILT_PRODUCTS_DIR)/DailyBible.app/DailyBible";
			};
			name = Release;
		};
/* End XCBuildConfiguration section */

/* Begin XCConfigurationList section */
		B2B1260424C3571300AFE57B /* Build configuration list for PBXProject "DailyBible" */ = {
			isa = XCConfigurationList;
			buildConfigurations = (
				B2B1262624C3571400AFE57B /* Debug */,
				B2B1262724C3571400AFE57B /* Release */,
			);
			defaultConfigurationIsVisible = 0;
			defaultConfigurationName = Release;
		};
		B2B1262824C3571400AFE57B /* Build configuration list for PBXNativeTarget "DailyBible" */ = {
			isa = XCConfigurationList;
			buildConfigurations = (
				B2B1262924C3571400AFE57B /* Debug */,
				B2B1262A24C3571400AFE57B /* Release */,
			);
			defaultConfigurationIsVisible = 0;
			defaultConfigurationName = Release;
		};
		B2B1262B24C3571400AFE57B /* Build configuration list for PBXNativeTarget "DailyBibleTests" */ = {
			isa = XCConfigurationList;
			buildConfigurations = (
				B2B1262C24C3571400AFE57B /* Debug */,
				B2B1262D24C3571400AFE57B /* Release */,
			);
			defaultConfigurationIsVisible = 0;
			defaultConfigurationName = Release;
		};
/* End XCConfigurationList section */
	};
	rootObject = B2B1260124C3571300AFE57B /* Project object */;
}
